PODS:
  - YandexMobileMetrica/Dynamic (3.11.1):
    - YandexMobileMetrica/Dynamic/Core (= 3.11.1)
    - YandexMobileMetrica/Dynamic/Crashes (= 3.11.1)
  - YandexMobileMetrica/Dynamic/Core (3.11.1)
  - YandexMobileMetrica/Dynamic/Crashes (3.11.1):
    - YandexMobileMetrica/Dynamic/Core

DEPENDENCIES:
  - YandexMobileMetrica/Dynamic (= 3.11.1)

SPEC REPOS:
  trunk:
    - YandexMobileMetrica

SPEC CHECKSUMS:
  YandexMobileMetrica: e985e1f77e405390a2d13f11741d86ff2f00c4ce

PODFILE CHECKSUM: 104e9534a8e3dfbd32ad03413531ff89fe091d90

COCOAPODS: 1.9.3
