// !$*UTF8*$!
{
	archiveVersion = 1;
	classes = {
	};
	objectVersion = 48;
	objects = {

/* Begin PBXBuildFile section */
		F21D07DD20512D4200544271 /* 11589.ttf in Resources */ = {isa = PBXBuildFile; fileRef = F21D07DC20512D4100544271 /* 11589.ttf */; };
		F23395622031952900C8D6F2 /* ViewController 2.swift in Sources */ = {isa = PBXBuildFile; fileRef = F23395612031952900C8D6F2 /* ViewController 2.swift */; };
		F23395642031A16100C8D6F2 /* SimUnic.swift in Sources */ = {isa = PBXBuildFile; fileRef = F23395632031A16100C8D6F2 /* SimUnic.swift */; };
		F239826E200F8976003A0BBC /* KeyboardHEX.xib in Resources */ = {isa = PBXBuildFile; fileRef = F239826D200F8976003A0BBC /* KeyboardHEX.xib */; };
		F2398A6F205121AF00D10DFC /* moonhouse.ttf in Resources */ = {isa = PBXBuildFile; fileRef = F2398A6E205121AD00D10DFC /* moonhouse.ttf */; };
		F24306B320281E2400B1ED08 /* SFDistantGalaxyAlternate.ttf in Resources */ = {isa = PBXBuildFile; fileRef = F24306B220281DFA00B1ED08 /* SFDistantGalaxyAlternate.ttf */; };
		F2438883204945BF002D33DC /* blackhole.sks in Resources */ = {isa = PBXBuildFile; fileRef = F2438882204945BF002D33DC /* blackhole.sks */; };
		F24BDE6B20287DBF0007C8C5 /* Star.swift in Sources */ = {isa = PBXBuildFile; fileRef = F24BDE6A20287DBF0007C8C5 /* Star.swift */; };
		F24E38AF2031AA0E00E93B81 /* ViewController 3.swift in Sources */ = {isa = PBXBuildFile; fileRef = F24E38AE2031AA0E00E93B81 /* ViewController 3.swift */; };
		F270D607203AFFFE00037075 /* sparki.sks in Resources */ = {isa = PBXBuildFile; fileRef = F270D605203AFFFE00037075 /* sparki.sks */; };
		F27585CF204450A20058DF21 /* green.sks in Resources */ = {isa = PBXBuildFile; fileRef = F27585CE204450A20058DF21 /* green.sks */; };
		F27585D12044516C0058DF21 /* blue.sks in Resources */ = {isa = PBXBuildFile; fileRef = F27585D02044516C0058DF21 /* blue.sks */; };
		F27B5B5F2018B7910096D98A /* HexCalc.swift in Sources */ = {isa = PBXBuildFile; fileRef = F27B5B5E2018B7910096D98A /* HexCalc.swift */; };
		F27EB0902019D5C20061E461 /* OctCalc.swift in Sources */ = {isa = PBXBuildFile; fileRef = F27EB08F2019D5C20061E461 /* OctCalc.swift */; };
		F2887EC9202CC6B0006F0075 /* Ship.swift in Sources */ = {isa = PBXBuildFile; fileRef = F2887EC8202CC6B0006F0075 /* Ship.swift */; };
		F2922138203C40E2006D433E /* sparkiLR.sks in Resources */ = {isa = PBXBuildFile; fileRef = F2922137203C40E2006D433E /* sparkiLR.sks */; };
		F292213B203C4371006D433E /* centre.sks in Resources */ = {isa = PBXBuildFile; fileRef = F2922139203C4371006D433E /* centre.sks */; };
		F297B232200E20750072E484 /* AppDelegate.swift in Sources */ = {isa = PBXBuildFile; fileRef = F297B231200E20750072E484 /* AppDelegate.swift */; };
		F297B234200E20760072E484 /* ViewController.swift in Sources */ = {isa = PBXBuildFile; fileRef = F297B233200E20760072E484 /* ViewController.swift */; };
		F297B237200E20760072E484 /* Main.storyboard in Resources */ = {isa = PBXBuildFile; fileRef = F297B235200E20760072E484 /* Main.storyboard */; };
		F297B239200E20760072E484 /* Assets.xcassets in Resources */ = {isa = PBXBuildFile; fileRef = F297B238200E20760072E484 /* Assets.xcassets */; };
		F297B23C200E20760072E484 /* LaunchScreen.storyboard in Resources */ = {isa = PBXBuildFile; fileRef = F297B23A200E20760072E484 /* LaunchScreen.storyboard */; };
		F2B10B3F200FAB41003DD679 /* STARWARS.TTF in Resources */ = {isa = PBXBuildFile; fileRef = F2B10B3E200FAB36003DD679 /* STARWARS.TTF */; };
		F2DACD9D203AD6F20090A983 /* Spark.swift in Sources */ = {isa = PBXBuildFile; fileRef = F2DACD9C203AD6F20090A983 /* Spark.swift */; };
		F2E0F5BB203459D300E18BBC /* UnicSim.swift in Sources */ = {isa = PBXBuildFile; fileRef = F2E0F5BA203459D300E18BBC /* UnicSim.swift */; };
		F2EA20C52045CC2F002EDB2A /* Flash.swift in Sources */ = {isa = PBXBuildFile; fileRef = F2EA20C42045CC2F002EDB2A /* Flash.swift */; };
		F2EE6FD6200FC39900134DDE /* KeyboardHEX.swift in Sources */ = {isa = PBXBuildFile; fileRef = F2EE6FD5200FC39900134DDE /* KeyboardHEX.swift */; };
		F2EF3C4E20177C3300B899DA /* KeyboardDEC.xib in Resources */ = {isa = PBXBuildFile; fileRef = F2EF3C4D20177C3300B899DA /* KeyboardDEC.xib */; };
		F2EF3C5020177C4D00B899DA /* KeyboardOCT.xib in Resources */ = {isa = PBXBuildFile; fileRef = F2EF3C4F20177C4D00B899DA /* KeyboardOCT.xib */; };
		F2EF3C562017848D00B899DA /* KeyboardDEC.swift in Sources */ = {isa = PBXBuildFile; fileRef = F2EF3C552017848D00B899DA /* KeyboardDEC.swift */; };
		F2EF3C582017849F00B899DA /* KeyboardOCT.swift in Sources */ = {isa = PBXBuildFile; fileRef = F2EF3C572017849F00B899DA /* KeyboardOCT.swift */; };
		F2FB9BED2042EA0700B702D5 /* Jump.swift in Sources */ = {isa = PBXBuildFile; fileRef = F2FB9BEC2042EA0700B702D5 /* Jump.swift */; };
/* End PBXBuildFile section */

/* Begin PBXFileReference section */
		F21D07DC20512D4100544271 /* 11589.ttf */ = {isa = PBXFileReference; lastKnownFileType = file; path = 11589.ttf; sourceTree = "<group>"; };
		F22AAD1A2030651800561942 /* Info.plist */ = {isa = PBXFileReference; fileEncoding = 4; lastKnownFileType = text.plist.xml; path = Info.plist; sourceTree = "<group>"; };
		F23395612031952900C8D6F2 /* ViewController 2.swift */ = {isa = PBXFileReference; lastKnownFileType = sourcecode.swift; path = "ViewController 2.swift"; sourceTree = "<group>"; };
		F23395632031A16100C8D6F2 /* SimUnic.swift */ = {isa = PBXFileReference; lastKnownFileType = sourcecode.swift; path = SimUnic.swift; sourceTree = "<group>"; };
		F239826D200F8976003A0BBC /* KeyboardHEX.xib */ = {isa = PBXFileReference; lastKnownFileType = file.xib; path = KeyboardHEX.xib; sourceTree = "<group>"; };
		F2398A6E205121AD00D10DFC /* moonhouse.ttf */ = {isa = PBXFileReference; lastKnownFileType = file; path = moonhouse.ttf; sourceTree = "<group>"; };
		F24306B220281DFA00B1ED08 /* SFDistantGalaxyAlternate.ttf */ = {isa = PBXFileReference; lastKnownFileType = file; path = SFDistantGalaxyAlternate.ttf; sourceTree = "<group>"; };
		F2438882204945BF002D33DC /* blackhole.sks */ = {isa = PBXFileReference; lastKnownFileType = file.sks; path = blackhole.sks; sourceTree = "<group>"; };
		F24BDE6A20287DBF0007C8C5 /* Star.swift */ = {isa = PBXFileReference; lastKnownFileType = sourcecode.swift; path = Star.swift; sourceTree = "<group>"; };
		F24E38AE2031AA0E00E93B81 /* ViewController 3.swift */ = {isa = PBXFileReference; lastKnownFileType = sourcecode.swift; path = "ViewController 3.swift"; sourceTree = "<group>"; };
		F270D605203AFFFE00037075 /* sparki.sks */ = {isa = PBXFileReference; lastKnownFileType = file.sks; path = sparki.sks; sourceTree = "<group>"; };
		F27585CE204450A20058DF21 /* green.sks */ = {isa = PBXFileReference; lastKnownFileType = file.sks; path = green.sks; sourceTree = "<group>"; };
		F27585D02044516C0058DF21 /* blue.sks */ = {isa = PBXFileReference; lastKnownFileType = file.sks; path = blue.sks; sourceTree = "<group>"; };
		F27B5B5E2018B7910096D98A /* HexCalc.swift */ = {isa = PBXFileReference; lastKnownFileType = sourcecode.swift; path = HexCalc.swift; sourceTree = "<group>"; };
		F27EB08F2019D5C20061E461 /* OctCalc.swift */ = {isa = PBXFileReference; lastKnownFileType = sourcecode.swift; path = OctCalc.swift; sourceTree = "<group>"; };
		F2887EC8202CC6B0006F0075 /* Ship.swift */ = {isa = PBXFileReference; lastKnownFileType = sourcecode.swift; path = Ship.swift; sourceTree = "<group>"; };
		F2922137203C40E2006D433E /* sparkiLR.sks */ = {isa = PBXFileReference; lastKnownFileType = file.sks; path = sparkiLR.sks; sourceTree = "<group>"; };
		F2922139203C4371006D433E /* centre.sks */ = {isa = PBXFileReference; lastKnownFileType = file.sks; path = centre.sks; sourceTree = "<group>"; };
		F297B22E200E20750072E484 /* Hexastar.app */ = {isa = PBXFileReference; explicitFileType = wrapper.application; includeInIndex = 0; path = Hexastar.app; sourceTree = BUILT_PRODUCTS_DIR; };
		F297B231200E20750072E484 /* AppDelegate.swift */ = {isa = PBXFileReference; lastKnownFileType = sourcecode.swift; path = AppDelegate.swift; sourceTree = "<group>"; };
		F297B233200E20760072E484 /* ViewController.swift */ = {isa = PBXFileReference; lastKnownFileType = sourcecode.swift; path = ViewController.swift; sourceTree = "<group>"; };
		F297B236200E20760072E484 /* Base */ = {isa = PBXFileReference; lastKnownFileType = file.storyboard; name = Base; path = Base.lproj/Main.storyboard; sourceTree = "<group>"; };
		F297B238200E20760072E484 /* Assets.xcassets */ = {isa = PBXFileReference; lastKnownFileType = folder.assetcatalog; path = Assets.xcassets; sourceTree = "<group>"; };
		F297B23B200E20760072E484 /* Base */ = {isa = PBXFileReference; lastKnownFileType = file.storyboard; name = Base; path = Base.lproj/LaunchScreen.storyboard; sourceTree = "<group>"; };
		F2B10B3E200FAB36003DD679 /* STARWARS.TTF */ = {isa = PBXFileReference; lastKnownFileType = file; path = STARWARS.TTF; sourceTree = "<group>"; };
		F2DACD9C203AD6F20090A983 /* Spark.swift */ = {isa = PBXFileReference; lastKnownFileType = sourcecode.swift; path = Spark.swift; sourceTree = "<group>"; };
		F2E0F5BA203459D300E18BBC /* UnicSim.swift */ = {isa = PBXFileReference; lastKnownFileType = sourcecode.swift; path = UnicSim.swift; sourceTree = "<group>"; };
		F2EA20C42045CC2F002EDB2A /* Flash.swift */ = {isa = PBXFileReference; lastKnownFileType = sourcecode.swift; path = Flash.swift; sourceTree = "<group>"; };
		F2EE6FD5200FC39900134DDE /* KeyboardHEX.swift */ = {isa = PBXFileReference; lastKnownFileType = sourcecode.swift; path = KeyboardHEX.swift; sourceTree = "<group>"; };
		F2EF3C4D20177C3300B899DA /* KeyboardDEC.xib */ = {isa = PBXFileReference; lastKnownFileType = file.xib; path = KeyboardDEC.xib; sourceTree = "<group>"; };
		F2EF3C4F20177C4D00B899DA /* KeyboardOCT.xib */ = {isa = PBXFileReference; lastKnownFileType = file.xib; path = KeyboardOCT.xib; sourceTree = "<group>"; };
		F2EF3C552017848D00B899DA /* KeyboardDEC.swift */ = {isa = PBXFileReference; lastKnownFileType = sourcecode.swift; path = KeyboardDEC.swift; sourceTree = "<group>"; };
		F2EF3C572017849F00B899DA /* KeyboardOCT.swift */ = {isa = PBXFileReference; lastKnownFileType = sourcecode.swift; path = KeyboardOCT.swift; sourceTree = "<group>"; };
		F2F5C867205140E000B63192 /* fr */ = {isa = PBXFileReference; lastKnownFileType = text.plist.strings; name = fr; path = fr.lproj/Main.strings; sourceTree = "<group>"; };
		F2F5C868205140EB00B63192 /* es */ = {isa = PBXFileReference; lastKnownFileType = text.plist.strings; name = es; path = es.lproj/Main.strings; sourceTree = "<group>"; };
		F2F5C8692051415700B63192 /* pt-PT */ = {isa = PBXFileReference; lastKnownFileType = text.plist.strings; name = "pt-PT"; path = "pt-PT.lproj/Main.strings"; sourceTree = "<group>"; };
		F2F5C86A2051415F00B63192 /* ru */ = {isa = PBXFileReference; lastKnownFileType = text.plist.strings; name = ru; path = ru.lproj/Main.strings; sourceTree = "<group>"; };
		F2FB9BEC2042EA0700B702D5 /* Jump.swift */ = {isa = PBXFileReference; lastKnownFileType = sourcecode.swift; path = Jump.swift; sourceTree = "<group>"; };
/* End PBXFileReference section */

/* Begin PBXFrameworksBuildPhase section */
		F297B22B200E20750072E484 /* Frameworks */ = {
			isa = PBXFrameworksBuildPhase;
			buildActionMask = 2147483647;
			files = (
			);
			runOnlyForDeploymentPostprocessing = 0;
		};
/* End PBXFrameworksBuildPhase section */

/* Begin PBXGroup section */
		F297B225200E20750072E484 = {
			isa = PBXGroup;
			children = (
				F297B230200E20750072E484 /* Hexastar */,
				F297B22F200E20750072E484 /* Products */,
			);
			sourceTree = "<group>";
		};
		F297B22F200E20750072E484 /* Products */ = {
			isa = PBXGroup;
			children = (
				F297B22E200E20750072E484 /* Hexastar.app */,
			);
			name = Products;
			sourceTree = "<group>";
		};
		F297B230200E20750072E484 /* Hexastar */ = {
			isa = PBXGroup;
			children = (
				F2B10B3E200FAB36003DD679 /* STARWARS.TTF */,
				F24306B220281DFA00B1ED08 /* SFDistantGalaxyAlternate.ttf */,
				F2398A6E205121AD00D10DFC /* moonhouse.ttf */,
				F21D07DC20512D4100544271 /* 11589.ttf */,
				F27B5B5E2018B7910096D98A /* HexCalc.swift */,
				F27EB08F2019D5C20061E461 /* OctCalc.swift */,
				F23395632031A16100C8D6F2 /* SimUnic.swift */,
				F2E0F5BA203459D300E18BBC /* UnicSim.swift */,
				F297B231200E20750072E484 /* AppDelegate.swift */,
				F297B233200E20760072E484 /* ViewController.swift */,
				F23395612031952900C8D6F2 /* ViewController 2.swift */,
				F24E38AE2031AA0E00E93B81 /* ViewController 3.swift */,
				F24BDE6A20287DBF0007C8C5 /* Star.swift */,
				F2887EC8202CC6B0006F0075 /* Ship.swift */,
				F2DACD9C203AD6F20090A983 /* Spark.swift */,
				F2FB9BEC2042EA0700B702D5 /* Jump.swift */,
				F2EA20C42045CC2F002EDB2A /* Flash.swift */,
				F270D605203AFFFE00037075 /* sparki.sks */,
				F2922137203C40E2006D433E /* sparkiLR.sks */,
				F27585CE204450A20058DF21 /* green.sks */,
				F27585D02044516C0058DF21 /* blue.sks */,
				F2922139203C4371006D433E /* centre.sks */,
				F2438882204945BF002D33DC /* blackhole.sks */,
				F297B235200E20760072E484 /* Main.storyboard */,
				F239826D200F8976003A0BBC /* KeyboardHEX.xib */,
				F2EE6FD5200FC39900134DDE /* KeyboardHEX.swift */,
				F2EF3C4D20177C3300B899DA /* KeyboardDEC.xib */,
				F2EF3C552017848D00B899DA /* KeyboardDEC.swift */,
				F2EF3C4F20177C4D00B899DA /* KeyboardOCT.xib */,
				F2EF3C572017849F00B899DA /* KeyboardOCT.swift */,
				F297B238200E20760072E484 /* Assets.xcassets */,
				F297B23A200E20760072E484 /* LaunchScreen.storyboard */,
				F22AAD1A2030651800561942 /* Info.plist */,
			);
			path = Hexastar;
			sourceTree = "<group>";
		};
/* End PBXGroup section */

/* Begin PBXNativeTarget section */
		F297B22D200E20750072E484 /* Hexastar */ = {
			isa = PBXNativeTarget;
			buildConfigurationList = F297B240200E20760072E484 /* Build configuration list for PBXNativeTarget "Hexastar" */;
			buildPhases = (
				F297B22A200E20750072E484 /* Sources */,
				F297B22B200E20750072E484 /* Frameworks */,
				F297B22C200E20750072E484 /* Resources */,
			);
			buildRules = (
			);
			dependencies = (
			);
			name = Hexastar;
			productName = Hexastar;
			productReference = F297B22E200E20750072E484 /* Hexastar.app */;
			productType = "com.apple.product-type.application";
		};
/* End PBXNativeTarget section */

/* Begin PBXProject section */
		F297B226200E20750072E484 /* Project object */ = {
			isa = PBXProject;
			attributes = {
				LastSwiftUpdateCheck = 0920;
				LastUpgradeCheck = 0920;
				ORGANIZATIONNAME = "REYNIKOV ANTON";
				TargetAttributes = {
					F297B22D200E20750072E484 = {
						CreatedOnToolsVersion = 9.2;
						ProvisioningStyle = Automatic;
					};
				};
			};
			buildConfigurationList = F297B229200E20750072E484 /* Build configuration list for PBXProject "Hexastar" */;
			compatibilityVersion = "Xcode 8.0";
			developmentRegion = en;
			hasScannedForEncodings = 0;
			knownRegions = (
				en,
				Base,
			);
			mainGroup = F297B225200E20750072E484;
			productRefGroup = F297B22F200E20750072E484 /* Products */;
			projectDirPath = "";
			projectRoot = "";
			targets = (
				F297B22D200E20750072E484 /* Hexastar */,
			);
		};
/* End PBXProject section */

/* Begin PBXResourcesBuildPhase section */
		F297B22C200E20750072E484 /* Resources */ = {
			isa = PBXResourcesBuildPhase;
			buildActionMask = 2147483647;
			files = (
				F270D607203AFFFE00037075 /* sparki.sks in Resources */,
				F297B23C200E20760072E484 /* LaunchScreen.storyboard in Resources */,
				F292213B203C4371006D433E /* centre.sks in Resources */,
				F2398A6F205121AF00D10DFC /* moonhouse.ttf in Resources */,
				F297B239200E20760072E484 /* Assets.xcassets in Resources */,
				F2B10B3F200FAB41003DD679 /* STARWARS.TTF in Resources */,
				F2EF3C4E20177C3300B899DA /* KeyboardDEC.xib in Resources */,
				F239826E200F8976003A0BBC /* KeyboardHEX.xib in Resources */,
				F27585CF204450A20058DF21 /* green.sks in Resources */,
				F24306B320281E2400B1ED08 /* SFDistantGalaxyAlternate.ttf in Resources */,
				F2922138203C40E2006D433E /* sparkiLR.sks in Resources */,
				F21D07DD20512D4200544271 /* 11589.ttf in Resources */,
				F2EF3C5020177C4D00B899DA /* KeyboardOCT.xib in Resources */,
				F27585D12044516C0058DF21 /* blue.sks in Resources */,
				F2438883204945BF002D33DC /* blackhole.sks in Resources */,
				F297B237200E20760072E484 /* Main.storyboard in Resources */,
			);
			runOnlyForDeploymentPostprocessing = 0;
		};
/* End PBXResourcesBuildPhase section */

/* Begin PBXSourcesBuildPhase section */
		F297B22A200E20750072E484 /* Sources */ = {
			isa = PBXSourcesBuildPhase;
			buildActionMask = 2147483647;
			files = (
				F23395642031A16100C8D6F2 /* SimUnic.swift in Sources */,
				F2EE6FD6200FC39900134DDE /* KeyboardHEX.swift in Sources */,
				F2E0F5BB203459D300E18BBC /* UnicSim.swift in Sources */,
				F2FB9BED2042EA0700B702D5 /* Jump.swift in Sources */,
				F2EA20C52045CC2F002EDB2A /* Flash.swift in Sources */,
				F2DACD9D203AD6F20090A983 /* Spark.swift in Sources */,
				F2EF3C582017849F00B899DA /* KeyboardOCT.swift in Sources */,
				F27B5B5F2018B7910096D98A /* HexCalc.swift in Sources */,
				F2EF3C562017848D00B899DA /* KeyboardDEC.swift in Sources */,
				F2887EC9202CC6B0006F0075 /* Ship.swift in Sources */,
				F27EB0902019D5C20061E461 /* OctCalc.swift in Sources */,
				F24E38AF2031AA0E00E93B81 /* ViewController 3.swift in Sources */,
				F297B234200E20760072E484 /* ViewController.swift in Sources */,
				F297B232200E20750072E484 /* AppDelegate.swift in Sources */,
				F23395622031952900C8D6F2 /* ViewController 2.swift in Sources */,
				F24BDE6B20287DBF0007C8C5 /* Star.swift in Sources */,
			);
			runOnlyForDeploymentPostprocessing = 0;
		};
/* End PBXSourcesBuildPhase section */

/* Begin PBXVariantGroup section */
		F297B235200E20760072E484 /* Main.storyboard */ = {
			isa = PBXVariantGroup;
			children = (
				F297B236200E20760072E484 /* Base */,
				F2F5C867205140E000B63192 /* fr */,
				F2F5C868205140EB00B63192 /* es */,
				F2F5C8692051415700B63192 /* pt-PT */,
				F2F5C86A2051415F00B63192 /* ru */,
			);
			name = Main.storyboard;
			sourceTree = "<group>";
		};
		F297B23A200E20760072E484 /* LaunchScreen.storyboard */ = {
			isa = PBXVariantGroup;
			children = (
				F297B23B200E20760072E484 /* Base */,
			);
			name = LaunchScreen.storyboard;
			sourceTree = "<group>";
		};
/* End PBXVariantGroup section */

/* Begin XCBuildConfiguration section */
		F297B23E200E20760072E484 /* Debug */ = {
			isa = XCBuildConfiguration;
			buildSettings = {
				ALWAYS_SEARCH_USER_PATHS = NO;
				CLANG_ANALYZER_LOCALIZABILITY_NONLOCALIZED = YES;
				CLANG_ANALYZER_NONNULL = YES;
				CLANG_ANALYZER_NUMBER_OBJECT_CONVERSION = YES_AGGRESSIVE;
				CLANG_CXX_LANGUAGE_STANDARD = "gnu++14";
				CLANG_CXX_LIBRARY = "libc++";
				CLANG_ENABLE_MODULES = YES;
				CLANG_ENABLE_OBJC_ARC = YES;
				CLANG_WARN_BLOCK_CAPTURE_AUTORELEASING = YES;
				CLANG_WARN_BOOL_CONVERSION = YES;
				CLANG_WARN_COMMA = YES;
				CLANG_WARN_CONSTANT_CONVERSION = YES;
				CLANG_WARN_DIRECT_OBJC_ISA_USAGE = YES_ERROR;
				CLANG_WARN_DOCUMENTATION_COMMENTS = YES;
				CLANG_WARN_EMPTY_BODY = YES;
				CLANG_WARN_ENUM_CONVERSION = YES;
				CLANG_WARN_INFINITE_RECURSION = YES;
				CLANG_WARN_INT_CONVERSION = YES;
				CLANG_WARN_NON_LITERAL_NULL_CONVERSION = YES;
				CLANG_WARN_OBJC_LITERAL_CONVERSION = YES;
				CLANG_WARN_OBJC_ROOT_CLASS = YES_ERROR;
				CLANG_WARN_RANGE_LOOP_ANALYSIS = YES;
				CLANG_WARN_STRICT_PROTOTYPES = YES;
				CLANG_WARN_SUSPICIOUS_MOVE = YES;
				CLANG_WARN_UNGUARDED_AVAILABILITY = YES_AGGRESSIVE;
				CLANG_WARN_UNREACHABLE_CODE = YES;
				CLANG_WARN__DUPLICATE_METHOD_MATCH = YES;
				CODE_SIGN_IDENTITY = "iPhone Developer";
				COPY_PHASE_STRIP = NO;
				DEBUG_INFORMATION_FORMAT = dwarf;
				ENABLE_STRICT_OBJC_MSGSEND = YES;
				ENABLE_TESTABILITY = YES;
				GCC_C_LANGUAGE_STANDARD = gnu11;
				GCC_DYNAMIC_NO_PIC = NO;
				GCC_NO_COMMON_BLOCKS = YES;
				GCC_OPTIMIZATION_LEVEL = 0;
				GCC_PREPROCESSOR_DEFINITIONS = (
					"DEBUG=1",
					"$(inherited)",
				);
				GCC_WARN_64_TO_32_BIT_CONVERSION = YES;
				GCC_WARN_ABOUT_RETURN_TYPE = YES_ERROR;
				GCC_WARN_UNDECLARED_SELECTOR = YES;
				GCC_WARN_UNINITIALIZED_AUTOS = YES_AGGRESSIVE;
				GCC_WARN_UNUSED_FUNCTION = YES;
				GCC_WARN_UNUSED_VARIABLE = YES;
				IPHONEOS_DEPLOYMENT_TARGET = 11.2;
				MTL_ENABLE_DEBUG_INFO = YES;
				ONLY_ACTIVE_ARCH = YES;
				SDKROOT = iphoneos;
				SWIFT_ACTIVE_COMPILATION_CONDITIONS = DEBUG;
				SWIFT_OPTIMIZATION_LEVEL = "-Onone";
			};
			name = Debug;
		};
		F297B23F200E20760072E484 /* Release */ = {
			isa = XCBuildConfiguration;
			buildSettings = {
				ALWAYS_SEARCH_USER_PATHS = NO;
				CLANG_ANALYZER_LOCALIZABILITY_NONLOCALIZED = YES;
				CLANG_ANALYZER_NONNULL = YES;
				CLANG_ANALYZER_NUMBER_OBJECT_CONVERSION = YES_AGGRESSIVE;
				CLANG_CXX_LANGUAGE_STANDARD = "gnu++14";
				CLANG_CXX_LIBRARY = "libc++";
				CLANG_ENABLE_MODULES = YES;
				CLANG_ENABLE_OBJC_ARC = YES;
				CLANG_WARN_BLOCK_CAPTURE_AUTORELEASING = YES;
				CLANG_WARN_BOOL_CONVERSION = YES;
				CLANG_WARN_COMMA = YES;
				CLANG_WARN_CONSTANT_CONVERSION = YES;
				CLANG_WARN_DIRECT_OBJC_ISA_USAGE = YES_ERROR;
				CLANG_WARN_DOCUMENTATION_COMMENTS = YES;
				CLANG_WARN_EMPTY_BODY = YES;
				CLANG_WARN_ENUM_CONVERSION = YES;
				CLANG_WARN_INFINITE_RECURSION = YES;
				CLANG_WARN_INT_CONVERSION = YES;
				CLANG_WARN_NON_LITERAL_NULL_CONVERSION = YES;
				CLANG_WARN_OBJC_LITERAL_CONVERSION = YES;
				CLANG_WARN_OBJC_ROOT_CLASS = YES_ERROR;
				CLANG_WARN_RANGE_LOOP_ANALYSIS = YES;
				CLANG_WARN_STRICT_PROTOTYPES = YES;
				CLANG_WARN_SUSPICIOUS_MOVE = YES;
				CLANG_WARN_UNGUARDED_AVAILABILITY = YES_AGGRESSIVE;
				CLANG_WARN_UNREACHABLE_CODE = YES;
				CLANG_WARN__DUPLICATE_METHOD_MATCH = YES;
				CODE_SIGN_IDENTITY = "iPhone Developer";
				COPY_PHASE_STRIP = NO;
				DEBUG_INFORMATION_FORMAT = "dwarf-with-dsym";
				ENABLE_NS_ASSERTIONS = NO;
				ENABLE_STRICT_OBJC_MSGSEND = YES;
				GCC_C_LANGUAGE_STANDARD = gnu11;
				GCC_NO_COMMON_BLOCKS = YES;
				GCC_WARN_64_TO_32_BIT_CONVERSION = YES;
				GCC_WARN_ABOUT_RETURN_TYPE = YES_ERROR;
				GCC_WARN_UNDECLARED_SELECTOR = YES;
				GCC_WARN_UNINITIALIZED_AUTOS = YES_AGGRESSIVE;
				GCC_WARN_UNUSED_FUNCTION = YES;
				GCC_WARN_UNUSED_VARIABLE = YES;
				IPHONEOS_DEPLOYMENT_TARGET = 11.2;
				MTL_ENABLE_DEBUG_INFO = NO;
				SDKROOT = iphoneos;
				SWIFT_OPTIMIZATION_LEVEL = "-Owholemodule";
				VALIDATE_PRODUCT = YES;
			};
			name = Release;
		};
		F297B241200E20760072E484 /* Debug */ = {
			isa = XCBuildConfiguration;
			buildSettings = {
				ASSETCATALOG_COMPILER_APPICON_NAME = AppIcon;
				CODE_SIGN_STYLE = Automatic;
				DEVELOPMENT_TEAM = EB6R5QS764;
				INFOPLIST_FILE = Hexastar/Info.plist;
				LD_RUNPATH_SEARCH_PATHS = "$(inherited) @executable_path/Frameworks";
				PRODUCT_BUNDLE_IDENTIFIER = deltaTOxaREY.Hexastar;
				PRODUCT_NAME = "$(TARGET_NAME)";
				SWIFT_VERSION = 4.0;
				TARGETED_DEVICE_FAMILY = 1;
			};
			name = Debug;
		};
		F297B242200E20760072E484 /* Release */ = {
			isa = XCBuildConfiguration;
			buildSettings = {
				ASSETCATALOG_COMPILER_APPICON_NAME = AppIcon;
				CODE_SIGN_STYLE = Automatic;
				DEVELOPMENT_TEAM = EB6R5QS764;
				INFOPLIST_FILE = Hexastar/Info.plist;
				LD_RUNPATH_SEARCH_PATHS = "$(inherited) @executable_path/Frameworks";
				PRODUCT_BUNDLE_IDENTIFIER = deltaTOxaREY.Hexastar;
				PRODUCT_NAME = "$(TARGET_NAME)";
				SWIFT_VERSION = 4.0;
				TARGETED_DEVICE_FAMILY = 1;
			};
			name = Release;
		};
/* End XCBuildConfiguration section */

/* Begin XCConfigurationList section */
		F297B229200E20750072E484 /* Build configuration list for PBXProject "Hexastar" */ = {
			isa = XCConfigurationList;
			buildConfigurations = (
				F297B23E200E20760072E484 /* Debug */,
				F297B23F200E20760072E484 /* Release */,
			);
			defaultConfigurationIsVisible = 0;
			defaultConfigurationName = Release;
		};
		F297B240200E20760072E484 /* Build configuration list for PBXNativeTarget "Hexastar" */ = {
			isa = XCConfigurationList;
			buildConfigurations = (
				F297B241200E20760072E484 /* Debug */,
				F297B242200E20760072E484 /* Release */,
			);
			defaultConfigurationIsVisible = 0;
			defaultConfigurationName = Release;
		};
/* End XCConfigurationList section */
	};
	rootObject = F297B226200E20750072E484 /* Project object */;
}
