// !$*UTF8*$!
{
	archiveVersion = 1;
	classes = {
	};
	objectVersion = 48;
	objects = {

/* Begin PBXBuildFile section */
		69FFC13F755893D38F3D7522 /* Pods_Hexastar.framework in Frameworks */ = {isa = PBXBuildFile; fileRef = 146636CD356C26EF632D4554 /* Pods_Hexastar.framework */; };
		F21D07DD20512D4200544271 /* 11589.ttf in Resources */ = {isa = PBXBuildFile; fileRef = F21D07DC20512D4100544271 /* 11589.ttf */; };
		F23395622031952900C8D6F2 /* ViewController 2.swift in Sources */ = {isa = PBXBuildFile; fileRef = F23395612031952900C8D6F2 /* ViewController 2.swift */; };
		F23395642031A16100C8D6F2 /* SimUnic.swift in Sources */ = {isa = PBXBuildFile; fileRef = F23395632031A16100C8D6F2 /* SimUnic.swift */; };
		F239826E200F8976003A0BBC /* KeyboardHEX.xib in Resources */ = {isa = PBXBuildFile; fileRef = F239826D200F8976003A0BBC /* KeyboardHEX.xib */; };
		F2398A6F205121AF00D10DFC /* moonhouse.ttf in Resources */ = {isa = PBXBuildFile; fileRef = F2398A6E205121AD00D10DFC /* moonhouse.ttf */; };
		F24306B320281E2400B1ED08 /* SFDistantGalaxyAlternate.ttf in Resources */ = {isa = PBXBuildFile; fileRef = F24306B220281DFA00B1ED08 /* SFDistantGalaxyAlternate.ttf */; };
		F2438883204945BF002D33DC /* blackhole.sks in Resources */ = {isa = PBXBuildFile; fileRef = F2438882204945BF002D33DC /* blackhole.sks */; };
		F24712B620517A8800B342BC /* InfoPlist.strings in Resources */ = {isa = PBXBuildFile; fileRef = F24712B820517A8800B342BC /* InfoPlist.strings */; };
		F24712BB20517A8900B342BC /* Localizable.strings in Resources */ = {isa = PBXBuildFile; fileRef = F24712BD20517A8900B342BC /* Localizable.strings */; };
		F24BDE6B20287DBF0007C8C5 /* Star.swift in Sources */ = {isa = PBXBuildFile; fileRef = F24BDE6A20287DBF0007C8C5 /* Star.swift */; };
		F24E38AF2031AA0E00E93B81 /* ViewController 3.swift in Sources */ = {isa = PBXBuildFile; fileRef = F24E38AE2031AA0E00E93B81 /* ViewController 3.swift */; };
		F25D39E022E218460011187B /* SE.storyboard in Resources */ = {isa = PBXBuildFile; fileRef = F25D39DE22E218460011187B /* SE.storyboard */; };
		F25D39ED22E2192D0011187B /* 8.storyboard in Resources */ = {isa = PBXBuildFile; fileRef = F25D39EB22E2192D0011187B /* 8.storyboard */; };
		F25D39F022E219340011187B /* 8+.storyboard in Resources */ = {isa = PBXBuildFile; fileRef = F25D39EE22E219340011187B /* 8+.storyboard */; };
		F25D39F322E2193D0011187B /* Xs.storyboard in Resources */ = {isa = PBXBuildFile; fileRef = F25D39F122E2193C0011187B /* Xs.storyboard */; };
		F25D39F622E219440011187B /* Xrs.storyboard in Resources */ = {isa = PBXBuildFile; fileRef = F25D39F422E219440011187B /* Xrs.storyboard */; };
		F270D607203AFFFE00037075 /* sparki.sks in Resources */ = {isa = PBXBuildFile; fileRef = F270D605203AFFFE00037075 /* sparki.sks */; };
		F27585CF204450A20058DF21 /* green.sks in Resources */ = {isa = PBXBuildFile; fileRef = F27585CE204450A20058DF21 /* green.sks */; };
		F27585D12044516C0058DF21 /* blue.sks in Resources */ = {isa = PBXBuildFile; fileRef = F27585D02044516C0058DF21 /* blue.sks */; };
		F279878A205579D100DC861B /* GoogleService-Info.plist in Resources */ = {isa = PBXBuildFile; fileRef = F2798789205579D100DC861B /* GoogleService-Info.plist */; };
		F27B5B5F2018B7910096D98A /* HexCalc.swift in Sources */ = {isa = PBXBuildFile; fileRef = F27B5B5E2018B7910096D98A /* HexCalc.swift */; };
		F27EB0902019D5C20061E461 /* OctCalc.swift in Sources */ = {isa = PBXBuildFile; fileRef = F27EB08F2019D5C20061E461 /* OctCalc.swift */; };
		F2887EC9202CC6B0006F0075 /* Ship.swift in Sources */ = {isa = PBXBuildFile; fileRef = F2887EC8202CC6B0006F0075 /* Ship.swift */; };
		F2922138203C40E2006D433E /* sparkiLR.sks in Resources */ = {isa = PBXBuildFile; fileRef = F2922137203C40E2006D433E /* sparkiLR.sks */; };
		F292213B203C4371006D433E /* centre.sks in Resources */ = {isa = PBXBuildFile; fileRef = F2922139203C4371006D433E /* centre.sks */; };
		F297B232200E20750072E484 /* AppDelegate.swift in Sources */ = {isa = PBXBuildFile; fileRef = F297B231200E20750072E484 /* AppDelegate.swift */; };
		F297B234200E20760072E484 /* ViewController.swift in Sources */ = {isa = PBXBuildFile; fileRef = F297B233200E20760072E484 /* ViewController.swift */; };
		F297B239200E20760072E484 /* Assets.xcassets in Resources */ = {isa = PBXBuildFile; fileRef = F297B238200E20760072E484 /* Assets.xcassets */; };
		F297B23C200E20760072E484 /* LaunchScreen.storyboard in Resources */ = {isa = PBXBuildFile; fileRef = F297B23A200E20760072E484 /* LaunchScreen.storyboard */; };
		F298C82E20749FA6001F34F2 /* iAd.framework in Frameworks */ = {isa = PBXBuildFile; fileRef = F298C82D20749FA6001F34F2 /* iAd.framework */; };
		F2B10B3F200FAB41003DD679 /* STARWARS.TTF in Resources */ = {isa = PBXBuildFile; fileRef = F2B10B3E200FAB36003DD679 /* STARWARS.TTF */; };
		F2DACD9D203AD6F20090A983 /* Spark.swift in Sources */ = {isa = PBXBuildFile; fileRef = F2DACD9C203AD6F20090A983 /* Spark.swift */; };
		F2E0F5BB203459D300E18BBC /* UnicSim.swift in Sources */ = {isa = PBXBuildFile; fileRef = F2E0F5BA203459D300E18BBC /* UnicSim.swift */; };
		F2E7698F20559B7F00A7F769 /* RateManager.swift in Sources */ = {isa = PBXBuildFile; fileRef = F2E7698E20559B7F00A7F769 /* RateManager.swift */; };
		F2EA20C52045CC2F002EDB2A /* Flash.swift in Sources */ = {isa = PBXBuildFile; fileRef = F2EA20C42045CC2F002EDB2A /* Flash.swift */; };
		F2EE6FD6200FC39900134DDE /* KeyboardHEX.swift in Sources */ = {isa = PBXBuildFile; fileRef = F2EE6FD5200FC39900134DDE /* KeyboardHEX.swift */; };
		F2EF3C4E20177C3300B899DA /* KeyboardDEC.xib in Resources */ = {isa = PBXBuildFile; fileRef = F2EF3C4D20177C3300B899DA /* KeyboardDEC.xib */; };
		F2EF3C5020177C4D00B899DA /* KeyboardOCT.xib in Resources */ = {isa = PBXBuildFile; fileRef = F2EF3C4F20177C4D00B899DA /* KeyboardOCT.xib */; };
		F2EF3C562017848D00B899DA /* KeyboardDEC.swift in Sources */ = {isa = PBXBuildFile; fileRef = F2EF3C552017848D00B899DA /* KeyboardDEC.swift */; };
		F2EF3C582017849F00B899DA /* KeyboardOCT.swift in Sources */ = {isa = PBXBuildFile; fileRef = F2EF3C572017849F00B899DA /* KeyboardOCT.swift */; };
		F2FB9BED2042EA0700B702D5 /* Jump.swift in Sources */ = {isa = PBXBuildFile; fileRef = F2FB9BEC2042EA0700B702D5 /* Jump.swift */; };
/* End PBXBuildFile section */

/* Begin PBXFileReference section */
		146636CD356C26EF632D4554 /* Pods_Hexastar.framework */ = {isa = PBXFileReference; explicitFileType = wrapper.framework; includeInIndex = 0; path = Pods_Hexastar.framework; sourceTree = BUILT_PRODUCTS_DIR; };
		C8DD852EB181BE68AD0CA510 /* Pods-Hexastar.debug.xcconfig */ = {isa = PBXFileReference; includeInIndex = 1; lastKnownFileType = text.xcconfig; name = "Pods-Hexastar.debug.xcconfig"; path = "Target Support Files/Pods-Hexastar/Pods-Hexastar.debug.xcconfig"; sourceTree = "<group>"; };
		DF7D186CA20BF6E39F226DCB /* Pods-Hexastar.release.xcconfig */ = {isa = PBXFileReference; includeInIndex = 1; lastKnownFileType = text.xcconfig; name = "Pods-Hexastar.release.xcconfig"; path = "Target Support Files/Pods-Hexastar/Pods-Hexastar.release.xcconfig"; sourceTree = "<group>"; };
		F21D07DC20512D4100544271 /* 11589.ttf */ = {isa = PBXFileReference; lastKnownFileType = file; path = 11589.ttf; sourceTree = "<group>"; };
		F22AAD1A2030651800561942 /* Info.plist */ = {isa = PBXFileReference; fileEncoding = 4; lastKnownFileType = text.plist.xml; path = Info.plist; sourceTree = "<group>"; };
		F23395612031952900C8D6F2 /* ViewController 2.swift */ = {isa = PBXFileReference; lastKnownFileType = sourcecode.swift; path = "ViewController 2.swift"; sourceTree = "<group>"; };
		F23395632031A16100C8D6F2 /* SimUnic.swift */ = {isa = PBXFileReference; lastKnownFileType = sourcecode.swift; path = SimUnic.swift; sourceTree = "<group>"; };
		F239826D200F8976003A0BBC /* KeyboardHEX.xib */ = {isa = PBXFileReference; lastKnownFileType = file.xib; path = KeyboardHEX.xib; sourceTree = "<group>"; };
		F2398A6E205121AD00D10DFC /* moonhouse.ttf */ = {isa = PBXFileReference; lastKnownFileType = file; path = moonhouse.ttf; sourceTree = "<group>"; };
		F24306B220281DFA00B1ED08 /* SFDistantGalaxyAlternate.ttf */ = {isa = PBXFileReference; lastKnownFileType = file; path = SFDistantGalaxyAlternate.ttf; sourceTree = "<group>"; };
		F2438882204945BF002D33DC /* blackhole.sks */ = {isa = PBXFileReference; lastKnownFileType = file.sks; path = blackhole.sks; sourceTree = "<group>"; };
		F24712B720517A8800B342BC /* es */ = {isa = PBXFileReference; lastKnownFileType = text.plist.strings; name = es; path = es.lproj/InfoPlist.strings; sourceTree = "<group>"; };
		F24712BC20517A8900B342BC /* es */ = {isa = PBXFileReference; lastKnownFileType = text.plist.strings; name = es; path = es.lproj/Localizable.strings; sourceTree = "<group>"; };
		F24712BE20517A8900B342BC /* es */ = {isa = PBXFileReference; lastKnownFileType = text.plist.strings; name = es; path = es.lproj/LaunchScreen.strings; sourceTree = "<group>"; };
		F24712BF20517A9500B342BC /* fr */ = {isa = PBXFileReference; lastKnownFileType = text.plist.strings; name = fr; path = fr.lproj/InfoPlist.strings; sourceTree = "<group>"; };
		F24712C020517A9600B342BC /* fr */ = {isa = PBXFileReference; lastKnownFileType = text.plist.strings; name = fr; path = fr.lproj/Localizable.strings; sourceTree = "<group>"; };
		F24712C120517A9600B342BC /* fr */ = {isa = PBXFileReference; lastKnownFileType = text.plist.strings; name = fr; path = fr.lproj/LaunchScreen.strings; sourceTree = "<group>"; };
		F24712C220517AA800B342BC /* pt-PT */ = {isa = PBXFileReference; lastKnownFileType = text.plist.strings; name = "pt-PT"; path = "pt-PT.lproj/InfoPlist.strings"; sourceTree = "<group>"; };
		F24712C320517AA800B342BC /* pt-PT */ = {isa = PBXFileReference; lastKnownFileType = text.plist.strings; name = "pt-PT"; path = "pt-PT.lproj/Localizable.strings"; sourceTree = "<group>"; };
		F24712C420517AA800B342BC /* pt-PT */ = {isa = PBXFileReference; lastKnownFileType = text.plist.strings; name = "pt-PT"; path = "pt-PT.lproj/LaunchScreen.strings"; sourceTree = "<group>"; };
		F24712C520517AB400B342BC /* ru */ = {isa = PBXFileReference; lastKnownFileType = text.plist.strings; name = ru; path = ru.lproj/InfoPlist.strings; sourceTree = "<group>"; };
		F24712C620517AB500B342BC /* ru */ = {isa = PBXFileReference; lastKnownFileType = text.plist.strings; name = ru; path = ru.lproj/Localizable.strings; sourceTree = "<group>"; };
		F24712C720517AB500B342BC /* ru */ = {isa = PBXFileReference; lastKnownFileType = text.plist.strings; name = ru; path = ru.lproj/LaunchScreen.strings; sourceTree = "<group>"; };
		F24BDE6A20287DBF0007C8C5 /* Star.swift */ = {isa = PBXFileReference; lastKnownFileType = sourcecode.swift; path = Star.swift; sourceTree = "<group>"; };
		F24E38AE2031AA0E00E93B81 /* ViewController 3.swift */ = {isa = PBXFileReference; lastKnownFileType = sourcecode.swift; path = "ViewController 3.swift"; sourceTree = "<group>"; };
		F25D39DF22E218460011187B /* Base */ = {isa = PBXFileReference; lastKnownFileType = file.storyboard; name = Base; path = Base.lproj/SE.storyboard; sourceTree = "<group>"; };
		F25D39E422E218B50011187B /* es */ = {isa = PBXFileReference; lastKnownFileType = text.plist.strings; name = es; path = es.lproj/SE.strings; sourceTree = "<group>"; };
		F25D39E622E218BC0011187B /* fr */ = {isa = PBXFileReference; lastKnownFileType = text.plist.strings; name = fr; path = fr.lproj/SE.strings; sourceTree = "<group>"; };
		F25D39E822E218C70011187B /* pt-PT */ = {isa = PBXFileReference; lastKnownFileType = text.plist.strings; name = "pt-PT"; path = "pt-PT.lproj/SE.strings"; sourceTree = "<group>"; };
		F25D39EA22E218D00011187B /* ru */ = {isa = PBXFileReference; lastKnownFileType = text.plist.strings; name = ru; path = ru.lproj/SE.strings; sourceTree = "<group>"; };
		F25D39EC22E2192D0011187B /* Base */ = {isa = PBXFileReference; lastKnownFileType = file.storyboard; name = Base; path = Base.lproj/8.storyboard; sourceTree = "<group>"; };
		F25D39EF22E219340011187B /* Base */ = {isa = PBXFileReference; lastKnownFileType = file.storyboard; name = Base; path = "Base.lproj/8+.storyboard"; sourceTree = "<group>"; };
		F25D39F222E2193C0011187B /* Base */ = {isa = PBXFileReference; lastKnownFileType = file.storyboard; name = Base; path = Base.lproj/Xs.storyboard; sourceTree = "<group>"; };
		F25D39F522E219440011187B /* Base */ = {isa = PBXFileReference; lastKnownFileType = file.storyboard; name = Base; path = Base.lproj/Xrs.storyboard; sourceTree = "<group>"; };
		F25D39F822E219530011187B /* es */ = {isa = PBXFileReference; lastKnownFileType = text.plist.strings; name = es; path = es.lproj/8.strings; sourceTree = "<group>"; };
		F25D39FA22E219570011187B /* fr */ = {isa = PBXFileReference; lastKnownFileType = text.plist.strings; name = fr; path = fr.lproj/8.strings; sourceTree = "<group>"; };
		F25D39FC22E2195F0011187B /* pt-PT */ = {isa = PBXFileReference; lastKnownFileType = text.plist.strings; name = "pt-PT"; path = "pt-PT.lproj/8.strings"; sourceTree = "<group>"; };
		F25D39FE22E219640011187B /* ru */ = {isa = PBXFileReference; lastKnownFileType = text.plist.strings; name = ru; path = ru.lproj/8.strings; sourceTree = "<group>"; };
		F25D3A0022E2199E0011187B /* es */ = {isa = PBXFileReference; lastKnownFileType = text.plist.strings; name = es; path = "es.lproj/8+.strings"; sourceTree = "<group>"; };
		F25D3A0222E219A40011187B /* fr */ = {isa = PBXFileReference; lastKnownFileType = text.plist.strings; name = fr; path = "fr.lproj/8+.strings"; sourceTree = "<group>"; };
		F25D3A0422E219A90011187B /* pt-PT */ = {isa = PBXFileReference; lastKnownFileType = text.plist.strings; name = "pt-PT"; path = "pt-PT.lproj/8+.strings"; sourceTree = "<group>"; };
		F25D3A0622E219B00011187B /* ru */ = {isa = PBXFileReference; lastKnownFileType = text.plist.strings; name = ru; path = "ru.lproj/8+.strings"; sourceTree = "<group>"; };
		F25D3A0822E219DB0011187B /* es */ = {isa = PBXFileReference; lastKnownFileType = text.plist.strings; name = es; path = es.lproj/Xs.strings; sourceTree = "<group>"; };
		F25D3A0A22E219E10011187B /* fr */ = {isa = PBXFileReference; lastKnownFileType = text.plist.strings; name = fr; path = fr.lproj/Xs.strings; sourceTree = "<group>"; };
		F25D3A0C22E219EE0011187B /* pt-PT */ = {isa = PBXFileReference; lastKnownFileType = text.plist.strings; name = "pt-PT"; path = "pt-PT.lproj/Xs.strings"; sourceTree = "<group>"; };
		F25D3A0E22E219F50011187B /* ru */ = {isa = PBXFileReference; lastKnownFileType = text.plist.strings; name = ru; path = ru.lproj/Xs.strings; sourceTree = "<group>"; };
		F25D3A1022E21A0B0011187B /* es */ = {isa = PBXFileReference; lastKnownFileType = text.plist.strings; name = es; path = es.lproj/Xrs.strings; sourceTree = "<group>"; };
		F25D3A1222E21A1C0011187B /* fr */ = {isa = PBXFileReference; lastKnownFileType = text.plist.strings; name = fr; path = fr.lproj/Xrs.strings; sourceTree = "<group>"; };
		F25D3A1422E21A260011187B /* pt-PT */ = {isa = PBXFileReference; lastKnownFileType = text.plist.strings; name = "pt-PT"; path = "pt-PT.lproj/Xrs.strings"; sourceTree = "<group>"; };
		F25D3A1622E21A340011187B /* ru */ = {isa = PBXFileReference; lastKnownFileType = text.plist.strings; name = ru; path = ru.lproj/Xrs.strings; sourceTree = "<group>"; };
		F270D605203AFFFE00037075 /* sparki.sks */ = {isa = PBXFileReference; lastKnownFileType = file.sks; path = sparki.sks; sourceTree = "<group>"; };
		F27585CE204450A20058DF21 /* green.sks */ = {isa = PBXFileReference; lastKnownFileType = file.sks; path = green.sks; sourceTree = "<group>"; };
		F27585D02044516C0058DF21 /* blue.sks */ = {isa = PBXFileReference; lastKnownFileType = file.sks; path = blue.sks; sourceTree = "<group>"; };
		F2798789205579D100DC861B /* GoogleService-Info.plist */ = {isa = PBXFileReference; fileEncoding = 4; lastKnownFileType = text.plist.xml; path = "GoogleService-Info.plist"; sourceTree = "<group>"; };
		F27B5B5E2018B7910096D98A /* HexCalc.swift */ = {isa = PBXFileReference; lastKnownFileType = sourcecode.swift; path = HexCalc.swift; sourceTree = "<group>"; };
		F27EB08F2019D5C20061E461 /* OctCalc.swift */ = {isa = PBXFileReference; lastKnownFileType = sourcecode.swift; path = OctCalc.swift; sourceTree = "<group>"; };
		F2887EC8202CC6B0006F0075 /* Ship.swift */ = {isa = PBXFileReference; lastKnownFileType = sourcecode.swift; path = Ship.swift; sourceTree = "<group>"; };
		F2922137203C40E2006D433E /* sparkiLR.sks */ = {isa = PBXFileReference; lastKnownFileType = file.sks; path = sparkiLR.sks; sourceTree = "<group>"; };
		F2922139203C4371006D433E /* centre.sks */ = {isa = PBXFileReference; lastKnownFileType = file.sks; path = centre.sks; sourceTree = "<group>"; };
		F297B22E200E20750072E484 /* Hexastar.app */ = {isa = PBXFileReference; explicitFileType = wrapper.application; includeInIndex = 0; path = Hexastar.app; sourceTree = BUILT_PRODUCTS_DIR; };
		F297B231200E20750072E484 /* AppDelegate.swift */ = {isa = PBXFileReference; lastKnownFileType = sourcecode.swift; path = AppDelegate.swift; sourceTree = "<group>"; };
		F297B233200E20760072E484 /* ViewController.swift */ = {isa = PBXFileReference; lastKnownFileType = sourcecode.swift; path = ViewController.swift; sourceTree = "<group>"; };
		F297B238200E20760072E484 /* Assets.xcassets */ = {isa = PBXFileReference; lastKnownFileType = folder.assetcatalog; path = Assets.xcassets; sourceTree = "<group>"; };
		F297B23B200E20760072E484 /* Base */ = {isa = PBXFileReference; lastKnownFileType = file.storyboard; name = Base; path = Base.lproj/LaunchScreen.storyboard; sourceTree = "<group>"; };
		F298C82D20749FA6001F34F2 /* iAd.framework */ = {isa = PBXFileReference; lastKnownFileType = wrapper.framework; name = iAd.framework; path = System/Library/Frameworks/iAd.framework; sourceTree = SDKROOT; };
		F2B10B3E200FAB36003DD679 /* STARWARS.TTF */ = {isa = PBXFileReference; lastKnownFileType = file; path = STARWARS.TTF; sourceTree = "<group>"; };
		F2DA0AD22055805D0070AC20 /* Hexastar.entitlements */ = {isa = PBXFileReference; lastKnownFileType = text.plist.entitlements; path = Hexastar.entitlements; sourceTree = "<group>"; };
		F2DACD9C203AD6F20090A983 /* Spark.swift */ = {isa = PBXFileReference; lastKnownFileType = sourcecode.swift; path = Spark.swift; sourceTree = "<group>"; };
		F2E0F5BA203459D300E18BBC /* UnicSim.swift */ = {isa = PBXFileReference; lastKnownFileType = sourcecode.swift; path = UnicSim.swift; sourceTree = "<group>"; };
		F2E7698E20559B7F00A7F769 /* RateManager.swift */ = {isa = PBXFileReference; lastKnownFileType = sourcecode.swift; path = RateManager.swift; sourceTree = "<group>"; };
		F2EA20C42045CC2F002EDB2A /* Flash.swift */ = {isa = PBXFileReference; lastKnownFileType = sourcecode.swift; path = Flash.swift; sourceTree = "<group>"; };
		F2EE6FD5200FC39900134DDE /* KeyboardHEX.swift */ = {isa = PBXFileReference; lastKnownFileType = sourcecode.swift; path = KeyboardHEX.swift; sourceTree = "<group>"; };
		F2EF3C4D20177C3300B899DA /* KeyboardDEC.xib */ = {isa = PBXFileReference; lastKnownFileType = file.xib; path = KeyboardDEC.xib; sourceTree = "<group>"; };
		F2EF3C4F20177C4D00B899DA /* KeyboardOCT.xib */ = {isa = PBXFileReference; lastKnownFileType = file.xib; path = KeyboardOCT.xib; sourceTree = "<group>"; };
		F2EF3C552017848D00B899DA /* KeyboardDEC.swift */ = {isa = PBXFileReference; lastKnownFileType = sourcecode.swift; path = KeyboardDEC.swift; sourceTree = "<group>"; };
		F2EF3C572017849F00B899DA /* KeyboardOCT.swift */ = {isa = PBXFileReference; lastKnownFileType = sourcecode.swift; path = KeyboardOCT.swift; sourceTree = "<group>"; };
		F2FB9BEC2042EA0700B702D5 /* Jump.swift */ = {isa = PBXFileReference; lastKnownFileType = sourcecode.swift; path = Jump.swift; sourceTree = "<group>"; };
/* End PBXFileReference section */

/* Begin PBXFrameworksBuildPhase section */
		F297B22B200E20750072E484 /* Frameworks */ = {
			isa = PBXFrameworksBuildPhase;
			buildActionMask = 2147483647;
			files = (
				F298C82E20749FA6001F34F2 /* iAd.framework in Frameworks */,
				69FFC13F755893D38F3D7522 /* Pods_Hexastar.framework in Frameworks */,
			);
			runOnlyForDeploymentPostprocessing = 0;
		};
/* End PBXFrameworksBuildPhase section */

/* Begin PBXGroup section */
		31F91001DDB75B5579103896 /* Frameworks */ = {
			isa = PBXGroup;
			children = (
				F298C82D20749FA6001F34F2 /* iAd.framework */,
				146636CD356C26EF632D4554 /* Pods_Hexastar.framework */,
			);
			name = Frameworks;
			sourceTree = "<group>";
		};
		A29703CEAD15CAA277C81E1B /* Pods */ = {
			isa = PBXGroup;
			children = (
				C8DD852EB181BE68AD0CA510 /* Pods-Hexastar.debug.xcconfig */,
				DF7D186CA20BF6E39F226DCB /* Pods-Hexastar.release.xcconfig */,
			);
			path = Pods;
			sourceTree = "<group>";
		};
		F224ECA52361A5E80055B35F /* Fonts */ = {
			isa = PBXGroup;
			children = (
				F2B10B3E200FAB36003DD679 /* STARWARS.TTF */,
				F24306B220281DFA00B1ED08 /* SFDistantGalaxyAlternate.ttf */,
				F2398A6E205121AD00D10DFC /* moonhouse.ttf */,
				F21D07DC20512D4100544271 /* 11589.ttf */,
			);
			path = Fonts;
			sourceTree = "<group>";
		};
		F224ECA62361A60D0055B35F /* Models */ = {
			isa = PBXGroup;
			children = (
				F27B5B5E2018B7910096D98A /* HexCalc.swift */,
				F27EB08F2019D5C20061E461 /* OctCalc.swift */,
				F23395632031A16100C8D6F2 /* SimUnic.swift */,
				F2E0F5BA203459D300E18BBC /* UnicSim.swift */,
			);
			path = Models;
			sourceTree = "<group>";
		};
		F224ECA72361A6320055B35F /* Keyboards */ = {
			isa = PBXGroup;
			children = (
				F239826D200F8976003A0BBC /* KeyboardHEX.xib */,
				F2EE6FD5200FC39900134DDE /* KeyboardHEX.swift */,
				F2EF3C4D20177C3300B899DA /* KeyboardDEC.xib */,
				F2EF3C552017848D00B899DA /* KeyboardDEC.swift */,
				F2EF3C4F20177C4D00B899DA /* KeyboardOCT.xib */,
				F2EF3C572017849F00B899DA /* KeyboardOCT.swift */,
			);
			path = Keyboards;
			sourceTree = "<group>";
		};
		F224ECA82361A6490055B35F /* Storyboards */ = {
			isa = PBXGroup;
			children = (
				F25D39DE22E218460011187B /* SE.storyboard */,
				F25D39EB22E2192D0011187B /* 8.storyboard */,
				F25D39EE22E219340011187B /* 8+.storyboard */,
				F25D39F122E2193C0011187B /* Xs.storyboard */,
				F25D39F422E219440011187B /* Xrs.storyboard */,
			);
			path = Storyboards;
			sourceTree = "<group>";
		};
		F224ECA92361A6800055B35F /* Effects */ = {
			isa = PBXGroup;
			children = (
				F24BDE6A20287DBF0007C8C5 /* Star.swift */,
				F2887EC8202CC6B0006F0075 /* Ship.swift */,
				F2DACD9C203AD6F20090A983 /* Spark.swift */,
				F2FB9BEC2042EA0700B702D5 /* Jump.swift */,
				F2EA20C42045CC2F002EDB2A /* Flash.swift */,
				F270D605203AFFFE00037075 /* sparki.sks */,
				F2922137203C40E2006D433E /* sparkiLR.sks */,
				F27585CE204450A20058DF21 /* green.sks */,
				F27585D02044516C0058DF21 /* blue.sks */,
				F2438882204945BF002D33DC /* blackhole.sks */,
				F2922139203C4371006D433E /* centre.sks */,
			);
			path = Effects;
			sourceTree = "<group>";
		};
		F297B225200E20750072E484 = {
			isa = PBXGroup;
			children = (
				F297B230200E20750072E484 /* Hexastar */,
				F297B22F200E20750072E484 /* Products */,
				31F91001DDB75B5579103896 /* Frameworks */,
				A29703CEAD15CAA277C81E1B /* Pods */,
			);
			sourceTree = "<group>";
		};
		F297B22F200E20750072E484 /* Products */ = {
			isa = PBXGroup;
			children = (
				F297B22E200E20750072E484 /* Hexastar.app */,
			);
			name = Products;
			sourceTree = "<group>";
		};
		F297B230200E20750072E484 /* Hexastar */ = {
			isa = PBXGroup;
			children = (
				F2DA0AD22055805D0070AC20 /* Hexastar.entitlements */,
				F2798789205579D100DC861B /* GoogleService-Info.plist */,
				F22AAD1A2030651800561942 /* Info.plist */,
				F24712BD20517A8900B342BC /* Localizable.strings */,
				F24712B820517A8800B342BC /* InfoPlist.strings */,
				F224ECA52361A5E80055B35F /* Fonts */,
				F297B23A200E20760072E484 /* LaunchScreen.storyboard */,
				F297B231200E20750072E484 /* AppDelegate.swift */,
				F2E7698E20559B7F00A7F769 /* RateManager.swift */,
				F224ECA62361A60D0055B35F /* Models */,
				F297B233200E20760072E484 /* ViewController.swift */,
				F23395612031952900C8D6F2 /* ViewController 2.swift */,
				F24E38AE2031AA0E00E93B81 /* ViewController 3.swift */,
				F224ECA92361A6800055B35F /* Effects */,
				F224ECA82361A6490055B35F /* Storyboards */,
				F224ECA72361A6320055B35F /* Keyboards */,
				F297B238200E20760072E484 /* Assets.xcassets */,
			);
			path = Hexastar;
			sourceTree = "<group>";
		};
/* End PBXGroup section */

/* Begin PBXNativeTarget section */
		F297B22D200E20750072E484 /* Hexastar */ = {
			isa = PBXNativeTarget;
			buildConfigurationList = F297B240200E20760072E484 /* Build configuration list for PBXNativeTarget "Hexastar" */;
			buildPhases = (
				1570411A50D08714B8B14245 /* [CP] Check Pods Manifest.lock */,
				F297B22A200E20750072E484 /* Sources */,
				F297B22B200E20750072E484 /* Frameworks */,
				F297B22C200E20750072E484 /* Resources */,
				A2D650C9EAA7A5C8D2676C3F /* [CP] Embed Pods Frameworks */,
			);
			buildRules = (
			);
			dependencies = (
			);
			name = Hexastar;
			productName = Hexastar;
			productReference = F297B22E200E20750072E484 /* Hexastar.app */;
			productType = "com.apple.product-type.application";
		};
/* End PBXNativeTarget section */

/* Begin PBXProject section */
		F297B226200E20750072E484 /* Project object */ = {
			isa = PBXProject;
			attributes = {
				LastSwiftUpdateCheck = 0920;
				LastUpgradeCheck = 0930;
				ORGANIZATIONNAME = "REYNIKOV ANTON";
				TargetAttributes = {
					F297B22D200E20750072E484 = {
						CreatedOnToolsVersion = 9.2;
						LastSwiftMigration = 1000;
						ProvisioningStyle = Automatic;
						SystemCapabilities = {
							com.apple.SafariKeychain = {
								enabled = 1;
							};
						};
					};
				};
			};
			buildConfigurationList = F297B229200E20750072E484 /* Build configuration list for PBXProject "Hexastar" */;
			compatibilityVersion = "Xcode 8.0";
			developmentRegion = en;
			hasScannedForEncodings = 0;
			knownRegions = (
				en,
				Base,
				es,
				fr,
				"pt-PT",
				ru,
			);
			mainGroup = F297B225200E20750072E484;
			productRefGroup = F297B22F200E20750072E484 /* Products */;
			projectDirPath = "";
			projectRoot = "";
			targets = (
				F297B22D200E20750072E484 /* Hexastar */,
			);
		};
/* End PBXProject section */

/* Begin PBXResourcesBuildPhase section */
		F297B22C200E20750072E484 /* Resources */ = {
			isa = PBXResourcesBuildPhase;
			buildActionMask = 2147483647;
			files = (
				F270D607203AFFFE00037075 /* sparki.sks in Resources */,
				F297B23C200E20760072E484 /* LaunchScreen.storyboard in Resources */,
				F292213B203C4371006D433E /* centre.sks in Resources */,
				F25D39F622E219440011187B /* Xrs.storyboard in Resources */,
				F2398A6F205121AF00D10DFC /* moonhouse.ttf in Resources */,
				F297B239200E20760072E484 /* Assets.xcassets in Resources */,
				F24712B620517A8800B342BC /* InfoPlist.strings in Resources */,
				F2B10B3F200FAB41003DD679 /* STARWARS.TTF in Resources */,
				F2EF3C4E20177C3300B899DA /* KeyboardDEC.xib in Resources */,
				F25D39E022E218460011187B /* SE.storyboard in Resources */,
				F239826E200F8976003A0BBC /* KeyboardHEX.xib in Resources */,
				F27585CF204450A20058DF21 /* green.sks in Resources */,
				F24306B320281E2400B1ED08 /* SFDistantGalaxyAlternate.ttf in Resources */,
				F25D39F022E219340011187B /* 8+.storyboard in Resources */,
				F279878A205579D100DC861B /* GoogleService-Info.plist in Resources */,
				F2922138203C40E2006D433E /* sparkiLR.sks in Resources */,
				F21D07DD20512D4200544271 /* 11589.ttf in Resources */,
				F25D39ED22E2192D0011187B /* 8.storyboard in Resources */,
				F24712BB20517A8900B342BC /* Localizable.strings in Resources */,
				F2EF3C5020177C4D00B899DA /* KeyboardOCT.xib in Resources */,
				F25D39F322E2193D0011187B /* Xs.storyboard in Resources */,
				F27585D12044516C0058DF21 /* blue.sks in Resources */,
				F2438883204945BF002D33DC /* blackhole.sks in Resources */,
			);
			runOnlyForDeploymentPostprocessing = 0;
		};
/* End PBXResourcesBuildPhase section */

/* Begin PBXShellScriptBuildPhase section */
		1570411A50D08714B8B14245 /* [CP] Check Pods Manifest.lock */ = {
			isa = PBXShellScriptBuildPhase;
			buildActionMask = 2147483647;
			files = (
			);
			inputFileListPaths = (
			);
			inputPaths = (
				"${PODS_PODFILE_DIR_PATH}/Podfile.lock",
				"${PODS_ROOT}/Manifest.lock",
			);
			name = "[CP] Check Pods Manifest.lock";
			outputFileListPaths = (
			);
			outputPaths = (
				"$(DERIVED_FILE_DIR)/Pods-Hexastar-checkManifestLockResult.txt",
			);
			runOnlyForDeploymentPostprocessing = 0;
			shellPath = /bin/sh;
			shellScript = "diff \"${PODS_PODFILE_DIR_PATH}/Podfile.lock\" \"${PODS_ROOT}/Manifest.lock\" > /dev/null\nif [ $? != 0 ] ; then\n    # print error to STDERR\n    echo \"error: The sandbox is not in sync with the Podfile.lock. Run 'pod install' or update your CocoaPods installation.\" >&2\n    exit 1\nfi\n# This output is used by Xcode 'outputs' to avoid re-running this script phase.\necho \"SUCCESS\" > \"${SCRIPT_OUTPUT_FILE_0}\"\n";
			showEnvVarsInLog = 0;
		};
		A2D650C9EAA7A5C8D2676C3F /* [CP] Embed Pods Frameworks */ = {
			isa = PBXShellScriptBuildPhase;
			buildActionMask = 2147483647;
			files = (
			);
			inputPaths = (
				"${PODS_ROOT}/Target Support Files/Pods-Hexastar/Pods-Hexastar-frameworks.sh",
				"${BUILT_PRODUCTS_DIR}/GoogleUtilities/GoogleUtilities.framework",
				"${PODS_ROOT}/YandexMobileMetrica/dynamic/YandexMobileMetrica.framework",
				"${PODS_ROOT}/YandexMobileMetrica/dynamic/YandexMobileMetricaCrashes.framework",
				"${BUILT_PRODUCTS_DIR}/nanopb/nanopb.framework",
			);
			name = "[CP] Embed Pods Frameworks";
			outputPaths = (
				"${TARGET_BUILD_DIR}/${FRAMEWORKS_FOLDER_PATH}/GoogleUtilities.framework",
				"${TARGET_BUILD_DIR}/${FRAMEWORKS_FOLDER_PATH}/YandexMobileMetrica.framework",
				"${TARGET_BUILD_DIR}/${FRAMEWORKS_FOLDER_PATH}/YandexMobileMetricaCrashes.framework",
				"${TARGET_BUILD_DIR}/${FRAMEWORKS_FOLDER_PATH}/nanopb.framework",
			);
			runOnlyForDeploymentPostprocessing = 0;
			shellPath = /bin/sh;
			shellScript = "\"${PODS_ROOT}/Target Support Files/Pods-Hexastar/Pods-Hexastar-frameworks.sh\"\n\"${PODS_ROOT}/Fabric/run\"\n";
			showEnvVarsInLog = 0;
		};
/* End PBXShellScriptBuildPhase section */

/* Begin PBXSourcesBuildPhase section */
		F297B22A200E20750072E484 /* Sources */ = {
			isa = PBXSourcesBuildPhase;
			buildActionMask = 2147483647;
			files = (
				F23395642031A16100C8D6F2 /* SimUnic.swift in Sources */,
				F2EE6FD6200FC39900134DDE /* KeyboardHEX.swift in Sources */,
				F2E0F5BB203459D300E18BBC /* UnicSim.swift in Sources */,
				F2FB9BED2042EA0700B702D5 /* Jump.swift in Sources */,
				F2EA20C52045CC2F002EDB2A /* Flash.swift in Sources */,
				F2DACD9D203AD6F20090A983 /* Spark.swift in Sources */,
				F2EF3C582017849F00B899DA /* KeyboardOCT.swift in Sources */,
				F27B5B5F2018B7910096D98A /* HexCalc.swift in Sources */,
				F2EF3C562017848D00B899DA /* KeyboardDEC.swift in Sources */,
				F2887EC9202CC6B0006F0075 /* Ship.swift in Sources */,
				F27EB0902019D5C20061E461 /* OctCalc.swift in Sources */,
				F24E38AF2031AA0E00E93B81 /* ViewController 3.swift in Sources */,
				F297B234200E20760072E484 /* ViewController.swift in Sources */,
				F297B232200E20750072E484 /* AppDelegate.swift in Sources */,
				F2E7698F20559B7F00A7F769 /* RateManager.swift in Sources */,
				F23395622031952900C8D6F2 /* ViewController 2.swift in Sources */,
				F24BDE6B20287DBF0007C8C5 /* Star.swift in Sources */,
			);
			runOnlyForDeploymentPostprocessing = 0;
		};
/* End PBXSourcesBuildPhase section */

/* Begin PBXVariantGroup section */
		F24712B820517A8800B342BC /* InfoPlist.strings */ = {
			isa = PBXVariantGroup;
			children = (
				F24712B720517A8800B342BC /* es */,
				F24712BF20517A9500B342BC /* fr */,
				F24712C220517AA800B342BC /* pt-PT */,
				F24712C520517AB400B342BC /* ru */,
			);
			name = InfoPlist.strings;
			sourceTree = "<group>";
		};
		F24712BD20517A8900B342BC /* Localizable.strings */ = {
			isa = PBXVariantGroup;
			children = (
				F24712BC20517A8900B342BC /* es */,
				F24712C020517A9600B342BC /* fr */,
				F24712C320517AA800B342BC /* pt-PT */,
				F24712C620517AB500B342BC /* ru */,
			);
			name = Localizable.strings;
			sourceTree = "<group>";
		};
		F25D39DE22E218460011187B /* SE.storyboard */ = {
			isa = PBXVariantGroup;
			children = (
				F25D39DF22E218460011187B /* Base */,
				F25D39E422E218B50011187B /* es */,
				F25D39E622E218BC0011187B /* fr */,
				F25D39E822E218C70011187B /* pt-PT */,
				F25D39EA22E218D00011187B /* ru */,
			);
			name = SE.storyboard;
			sourceTree = "<group>";
		};
		F25D39EB22E2192D0011187B /* 8.storyboard */ = {
			isa = PBXVariantGroup;
			children = (
				F25D39EC22E2192D0011187B /* Base */,
				F25D39F822E219530011187B /* es */,
				F25D39FA22E219570011187B /* fr */,
				F25D39FC22E2195F0011187B /* pt-PT */,
				F25D39FE22E219640011187B /* ru */,
			);
			name = 8.storyboard;
			sourceTree = "<group>";
		};
		F25D39EE22E219340011187B /* 8+.storyboard */ = {
			isa = PBXVariantGroup;
			children = (
				F25D39EF22E219340011187B /* Base */,
				F25D3A0022E2199E0011187B /* es */,
				F25D3A0222E219A40011187B /* fr */,
				F25D3A0422E219A90011187B /* pt-PT */,
				F25D3A0622E219B00011187B /* ru */,
			);
			name = "8+.storyboard";
			sourceTree = "<group>";
		};
		F25D39F122E2193C0011187B /* Xs.storyboard */ = {
			isa = PBXVariantGroup;
			children = (
				F25D39F222E2193C0011187B /* Base */,
				F25D3A0822E219DB0011187B /* es */,
				F25D3A0A22E219E10011187B /* fr */,
				F25D3A0C22E219EE0011187B /* pt-PT */,
				F25D3A0E22E219F50011187B /* ru */,
			);
			name = Xs.storyboard;
			sourceTree = "<group>";
		};
		F25D39F422E219440011187B /* Xrs.storyboard */ = {
			isa = PBXVariantGroup;
			children = (
				F25D39F522E219440011187B /* Base */,
				F25D3A1022E21A0B0011187B /* es */,
				F25D3A1222E21A1C0011187B /* fr */,
				F25D3A1422E21A260011187B /* pt-PT */,
				F25D3A1622E21A340011187B /* ru */,
			);
			name = Xrs.storyboard;
			sourceTree = "<group>";
		};
		F297B23A200E20760072E484 /* LaunchScreen.storyboard */ = {
			isa = PBXVariantGroup;
			children = (
				F297B23B200E20760072E484 /* Base */,
				F24712BE20517A8900B342BC /* es */,
				F24712C120517A9600B342BC /* fr */,
				F24712C420517AA800B342BC /* pt-PT */,
				F24712C720517AB500B342BC /* ru */,
			);
			name = LaunchScreen.storyboard;
			sourceTree = "<group>";
		};
/* End PBXVariantGroup section */

/* Begin XCBuildConfiguration section */
		F297B23E200E20760072E484 /* Debug */ = {
			isa = XCBuildConfiguration;
			buildSettings = {
				ALWAYS_SEARCH_USER_PATHS = NO;
				CLANG_ANALYZER_LOCALIZABILITY_NONLOCALIZED = YES;
				CLANG_ANALYZER_NONNULL = YES;
				CLANG_ANALYZER_NUMBER_OBJECT_CONVERSION = YES_AGGRESSIVE;
				CLANG_CXX_LANGUAGE_STANDARD = "gnu++14";
				CLANG_CXX_LIBRARY = "libc++";
				CLANG_ENABLE_MODULES = YES;
				CLANG_ENABLE_OBJC_ARC = YES;
				CLANG_WARN_BLOCK_CAPTURE_AUTORELEASING = YES;
				CLANG_WARN_BOOL_CONVERSION = YES;
				CLANG_WARN_COMMA = YES;
				CLANG_WARN_CONSTANT_CONVERSION = YES;
				CLANG_WARN_DEPRECATED_OBJC_IMPLEMENTATIONS = YES;
				CLANG_WARN_DIRECT_OBJC_ISA_USAGE = YES_ERROR;
				CLANG_WARN_DOCUMENTATION_COMMENTS = YES;
				CLANG_WARN_EMPTY_BODY = YES;
				CLANG_WARN_ENUM_CONVERSION = YES;
				CLANG_WARN_INFINITE_RECURSION = YES;
				CLANG_WARN_INT_CONVERSION = YES;
				CLANG_WARN_NON_LITERAL_NULL_CONVERSION = YES;
				CLANG_WARN_OBJC_IMPLICIT_RETAIN_SELF = YES;
				CLANG_WARN_OBJC_LITERAL_CONVERSION = YES;
				CLANG_WARN_OBJC_ROOT_CLASS = YES_ERROR;
				CLANG_WARN_RANGE_LOOP_ANALYSIS = YES;
				CLANG_WARN_STRICT_PROTOTYPES = YES;
				CLANG_WARN_SUSPICIOUS_MOVE = YES;
				CLANG_WARN_UNGUARDED_AVAILABILITY = YES_AGGRESSIVE;
				CLANG_WARN_UNREACHABLE_CODE = YES;
				CLANG_WARN__DUPLICATE_METHOD_MATCH = YES;
				CODE_SIGN_IDENTITY = "iPhone Developer";
				COPY_PHASE_STRIP = NO;
				DEBUG_INFORMATION_FORMAT = dwarf;
				ENABLE_STRICT_OBJC_MSGSEND = YES;
				ENABLE_TESTABILITY = YES;
				GCC_C_LANGUAGE_STANDARD = gnu11;
				GCC_DYNAMIC_NO_PIC = NO;
				GCC_NO_COMMON_BLOCKS = YES;
				GCC_OPTIMIZATION_LEVEL = 0;
				GCC_PREPROCESSOR_DEFINITIONS = (
					"DEBUG=1",
					"$(inherited)",
				);
				GCC_WARN_64_TO_32_BIT_CONVERSION = YES;
				GCC_WARN_ABOUT_RETURN_TYPE = YES_ERROR;
				GCC_WARN_UNDECLARED_SELECTOR = YES;
				GCC_WARN_UNINITIALIZED_AUTOS = YES_AGGRESSIVE;
				GCC_WARN_UNUSED_FUNCTION = YES;
				GCC_WARN_UNUSED_VARIABLE = YES;
				IPHONEOS_DEPLOYMENT_TARGET = 11.2;
				MTL_ENABLE_DEBUG_INFO = YES;
				ONLY_ACTIVE_ARCH = YES;
				SDKROOT = iphoneos;
				SWIFT_ACTIVE_COMPILATION_CONDITIONS = DEBUG;
				SWIFT_OPTIMIZATION_LEVEL = "-Onone";
			};
			name = Debug;
		};
		F297B23F200E20760072E484 /* Release */ = {
			isa = XCBuildConfiguration;
			buildSettings = {
				ALWAYS_SEARCH_USER_PATHS = NO;
				CLANG_ANALYZER_LOCALIZABILITY_NONLOCALIZED = YES;
				CLANG_ANALYZER_NONNULL = YES;
				CLANG_ANALYZER_NUMBER_OBJECT_CONVERSION = YES_AGGRESSIVE;
				CLANG_CXX_LANGUAGE_STANDARD = "gnu++14";
				CLANG_CXX_LIBRARY = "libc++";
				CLANG_ENABLE_MODULES = YES;
				CLANG_ENABLE_OBJC_ARC = YES;
				CLANG_WARN_BLOCK_CAPTURE_AUTORELEASING = YES;
				CLANG_WARN_BOOL_CONVERSION = YES;
				CLANG_WARN_COMMA = YES;
				CLANG_WARN_CONSTANT_CONVERSION = YES;
				CLANG_WARN_DEPRECATED_OBJC_IMPLEMENTATIONS = YES;
				CLANG_WARN_DIRECT_OBJC_ISA_USAGE = YES_ERROR;
				CLANG_WARN_DOCUMENTATION_COMMENTS = YES;
				CLANG_WARN_EMPTY_BODY = YES;
				CLANG_WARN_ENUM_CONVERSION = YES;
				CLANG_WARN_INFINITE_RECURSION = YES;
				CLANG_WARN_INT_CONVERSION = YES;
				CLANG_WARN_NON_LITERAL_NULL_CONVERSION = YES;
				CLANG_WARN_OBJC_IMPLICIT_RETAIN_SELF = YES;
				CLANG_WARN_OBJC_LITERAL_CONVERSION = YES;
				CLANG_WARN_OBJC_ROOT_CLASS = YES_ERROR;
				CLANG_WARN_RANGE_LOOP_ANALYSIS = YES;
				CLANG_WARN_STRICT_PROTOTYPES = YES;
				CLANG_WARN_SUSPICIOUS_MOVE = YES;
				CLANG_WARN_UNGUARDED_AVAILABILITY = YES_AGGRESSIVE;
				CLANG_WARN_UNREACHABLE_CODE = YES;
				CLANG_WARN__DUPLICATE_METHOD_MATCH = YES;
				CODE_SIGN_IDENTITY = "iPhone Developer";
				COPY_PHASE_STRIP = NO;
				DEBUG_INFORMATION_FORMAT = "dwarf-with-dsym";
				ENABLE_NS_ASSERTIONS = NO;
				ENABLE_STRICT_OBJC_MSGSEND = YES;
				GCC_C_LANGUAGE_STANDARD = gnu11;
				GCC_NO_COMMON_BLOCKS = YES;
				GCC_WARN_64_TO_32_BIT_CONVERSION = YES;
				GCC_WARN_ABOUT_RETURN_TYPE = YES_ERROR;
				GCC_WARN_UNDECLARED_SELECTOR = YES;
				GCC_WARN_UNINITIALIZED_AUTOS = YES_AGGRESSIVE;
				GCC_WARN_UNUSED_FUNCTION = YES;
				GCC_WARN_UNUSED_VARIABLE = YES;
				IPHONEOS_DEPLOYMENT_TARGET = 11.2;
				MTL_ENABLE_DEBUG_INFO = NO;
				SDKROOT = iphoneos;
				SWIFT_OPTIMIZATION_LEVEL = "-Owholemodule";
				VALIDATE_PRODUCT = YES;
			};
			name = Release;
		};
		F297B241200E20760072E484 /* Debug */ = {
			isa = XCBuildConfiguration;
			baseConfigurationReference = C8DD852EB181BE68AD0CA510 /* Pods-Hexastar.debug.xcconfig */;
			buildSettings = {
				ASSETCATALOG_COMPILER_APPICON_NAME = AppIcon;
				CODE_SIGN_ENTITLEMENTS = Hexastar/Hexastar.entitlements;
				CODE_SIGN_STYLE = Automatic;
				DEBUG_INFORMATION_FORMAT = "dwarf-with-dsym";
				DEVELOPMENT_TEAM = EB6R5QS764;
				INFOPLIST_FILE = Hexastar/Info.plist;
				IPHONEOS_DEPLOYMENT_TARGET = 12.2;
				LD_RUNPATH_SEARCH_PATHS = "$(inherited) @executable_path/Frameworks";
				MARKETING_VERSION = 1.3.1;
				PRODUCT_BUNDLE_IDENTIFIER = deltaTOxaREY.Hexastar;
				PRODUCT_NAME = "$(TARGET_NAME)";
				SWIFT_OBJC_BRIDGING_HEADER = "";
				SWIFT_VERSION = 5.0;
				TARGETED_DEVICE_FAMILY = 1;
			};
			name = Debug;
		};
		F297B242200E20760072E484 /* Release */ = {
			isa = XCBuildConfiguration;
			baseConfigurationReference = DF7D186CA20BF6E39F226DCB /* Pods-Hexastar.release.xcconfig */;
			buildSettings = {
				ASSETCATALOG_COMPILER_APPICON_NAME = AppIcon;
				CODE_SIGN_ENTITLEMENTS = Hexastar/Hexastar.entitlements;
				CODE_SIGN_STYLE = Automatic;
				DEVELOPMENT_TEAM = EB6R5QS764;
				INFOPLIST_FILE = Hexastar/Info.plist;
				IPHONEOS_DEPLOYMENT_TARGET = 12.2;
				LD_RUNPATH_SEARCH_PATHS = "$(inherited) @executable_path/Frameworks";
				MARKETING_VERSION = 1.3.1;
				PRODUCT_BUNDLE_IDENTIFIER = deltaTOxaREY.Hexastar;
				PRODUCT_NAME = "$(TARGET_NAME)";
				SWIFT_OBJC_BRIDGING_HEADER = "";
				SWIFT_VERSION = 5.0;
				TARGETED_DEVICE_FAMILY = 1;
			};
			name = Release;
		};
/* End XCBuildConfiguration section */

/* Begin XCConfigurationList section */
		F297B229200E20750072E484 /* Build configuration list for PBXProject "Hexastar" */ = {
			isa = XCConfigurationList;
			buildConfigurations = (
				F297B23E200E20760072E484 /* Debug */,
				F297B23F200E20760072E484 /* Release */,
			);
			defaultConfigurationIsVisible = 0;
			defaultConfigurationName = Release;
		};
		F297B240200E20760072E484 /* Build configuration list for PBXNativeTarget "Hexastar" */ = {
			isa = XCConfigurationList;
			buildConfigurations = (
				F297B241200E20760072E484 /* Debug */,
				F297B242200E20760072E484 /* Release */,
			);
			defaultConfigurationIsVisible = 0;
			defaultConfigurationName = Release;
		};
/* End XCConfigurationList section */
	};
	rootObject = F297B226200E20750072E484 /* Project object */;
}
